// !$*UTF8*$!
{
	archiveVersion = 1;
	classes = {
	};
	objectVersion = 56;
	objects = {

/* Begin PBXBuildFile section */
		B34796AD296E9C0900600037 /* NasaPicsApp.swift in Sources */ = {isa = PBXBuildFile; fileRef = B34796AC296E9C0900600037 /* NasaPicsApp.swift */; };
		B34796AF296E9C0900600037 /* ContentView.swift in Sources */ = {isa = PBXBuildFile; fileRef = B34796AE296E9C0900600037 /* ContentView.swift */; };
		B34796B1296E9C0A00600037 /* Assets.xcassets in Resources */ = {isa = PBXBuildFile; fileRef = B34796B0296E9C0A00600037 /* Assets.xcassets */; };
		B34796B4296E9C0A00600037 /* Preview Assets.xcassets in Resources */ = {isa = PBXBuildFile; fileRef = B34796B3296E9C0A00600037 /* Preview Assets.xcassets */; };
		B34796BB296EA33900600037 /* PodModel.swift in Sources */ = {isa = PBXBuildFile; fileRef = B34796BA296EA33900600037 /* PodModel.swift */; };
		B34796BD296EA4E900600037 /* Network.swift in Sources */ = {isa = PBXBuildFile; fileRef = B34796BC296EA4E900600037 /* Network.swift */; };
		B34796E4296EE7E600600037 /* 200-no-copyright.json in Resources */ = {isa = PBXBuildFile; fileRef = B34796D7296EE7E600600037 /* 200-no-copyright.json */; };
		B34796E5296EE7E600600037 /* 400-bad-request-2.json in Resources */ = {isa = PBXBuildFile; fileRef = B34796D8296EE7E600600037 /* 400-bad-request-2.json */; };
		B34796E6296EE7E600600037 /* get-random-pods.json in Resources */ = {isa = PBXBuildFile; fileRef = B34796D9296EE7E600600037 /* get-random-pods.json */; };
		B34796E7296EE7E600600037 /* 404-no-data.json in Resources */ = {isa = PBXBuildFile; fileRef = B34796DA296EE7E600600037 /* 404-no-data.json */; };
		B34796E8296EE7E600600037 /* get-pods.json in Resources */ = {isa = PBXBuildFile; fileRef = B34796DB296EE7E600600037 /* get-pods.json */; };
		B34796E9296EE7E600600037 /* nasa.sh in Resources */ = {isa = PBXBuildFile; fileRef = B34796DC296EE7E600600037 /* nasa.sh */; };
		B34796EA296EE7E600600037 /* 403-api-key-missing.json in Resources */ = {isa = PBXBuildFile; fileRef = B34796DD296EE7E600600037 /* 403-api-key-missing.json */; };
		B34796EB296EE7E600600037 /* 403-api-key-invalid.json in Resources */ = {isa = PBXBuildFile; fileRef = B34796DE296EE7E600600037 /* 403-api-key-invalid.json */; };
		B34796EC296EE7E600600037 /* 200-empty-explanation.json in Resources */ = {isa = PBXBuildFile; fileRef = B34796DF296EE7E600600037 /* 200-empty-explanation.json */; };
		B34796ED296EE7E600600037 /* 200-no-urls.json in Resources */ = {isa = PBXBuildFile; fileRef = B34796E0296EE7E600600037 /* 200-no-urls.json */; };
		B34796EE296EE7E600600037 /* get-pod.json in Resources */ = {isa = PBXBuildFile; fileRef = B34796E1296EE7E600600037 /* get-pod.json */; };
		B34796EF296EE7E600600037 /* get-video.json in Resources */ = {isa = PBXBuildFile; fileRef = B34796E2296EE7E600600037 /* get-video.json */; };
		B34796F0296EE7E600600037 /* 400-bad-request-1.json in Resources */ = {isa = PBXBuildFile; fileRef = B34796E3296EE7E600600037 /* 400-bad-request-1.json */; };
		B38A020F296FD3C100D378CA /* File+Extensions.swift in Sources */ = {isa = PBXBuildFile; fileRef = B38A020E296FD3C100D378CA /* File+Extensions.swift */; };
		B38A0211296FD59200D378CA /* Data+Extensions.swift in Sources */ = {isa = PBXBuildFile; fileRef = B38A0210296FD59200D378CA /* Data+Extensions.swift */; };
		B38A0219296FD97800D378CA /* NasaPicsTests.swift in Sources */ = {isa = PBXBuildFile; fileRef = B38A0218296FD97800D378CA /* NasaPicsTests.swift */; };
/* End PBXBuildFile section */

/* Begin PBXContainerItemProxy section */
		B38A021A296FD97800D378CA /* PBXContainerItemProxy */ = {
			isa = PBXContainerItemProxy;
			containerPortal = B34796A1296E9C0900600037 /* Project object */;
			proxyType = 1;
			remoteGlobalIDString = B34796A8296E9C0900600037;
			remoteInfo = NasaPics;
		};
/* End PBXContainerItemProxy section */

/* Begin PBXFileReference section */
		B34796A9296E9C0900600037 /* NasaPics.app */ = {isa = PBXFileReference; explicitFileType = wrapper.application; includeInIndex = 0; path = NasaPics.app; sourceTree = BUILT_PRODUCTS_DIR; };
		B34796AC296E9C0900600037 /* NasaPicsApp.swift */ = {isa = PBXFileReference; lastKnownFileType = sourcecode.swift; path = NasaPicsApp.swift; sourceTree = "<group>"; };
		B34796AE296E9C0900600037 /* ContentView.swift */ = {isa = PBXFileReference; lastKnownFileType = sourcecode.swift; path = ContentView.swift; sourceTree = "<group>"; };
		B34796B0296E9C0A00600037 /* Assets.xcassets */ = {isa = PBXFileReference; lastKnownFileType = folder.assetcatalog; path = Assets.xcassets; sourceTree = "<group>"; };
		B34796B3296E9C0A00600037 /* Preview Assets.xcassets */ = {isa = PBXFileReference; lastKnownFileType = folder.assetcatalog; path = "Preview Assets.xcassets"; sourceTree = "<group>"; };
		B34796BA296EA33900600037 /* PodModel.swift */ = {isa = PBXFileReference; lastKnownFileType = sourcecode.swift; path = PodModel.swift; sourceTree = "<group>"; };
		B34796BC296EA4E900600037 /* Network.swift */ = {isa = PBXFileReference; lastKnownFileType = sourcecode.swift; path = Network.swift; sourceTree = "<group>"; };
		B34796D7296EE7E600600037 /* 200-no-copyright.json */ = {isa = PBXFileReference; fileEncoding = 4; lastKnownFileType = text.json; path = "200-no-copyright.json"; sourceTree = "<group>"; };
		B34796D8296EE7E600600037 /* 400-bad-request-2.json */ = {isa = PBXFileReference; fileEncoding = 4; lastKnownFileType = text.json; path = "400-bad-request-2.json"; sourceTree = "<group>"; };
		B34796D9296EE7E600600037 /* get-random-pods.json */ = {isa = PBXFileReference; fileEncoding = 4; lastKnownFileType = text.json; path = "get-random-pods.json"; sourceTree = "<group>"; };
		B34796DA296EE7E600600037 /* 404-no-data.json */ = {isa = PBXFileReference; fileEncoding = 4; lastKnownFileType = text.json; path = "404-no-data.json"; sourceTree = "<group>"; };
		B34796DB296EE7E600600037 /* get-pods.json */ = {isa = PBXFileReference; fileEncoding = 4; lastKnownFileType = text.json; path = "get-pods.json"; sourceTree = "<group>"; };
		B34796DC296EE7E600600037 /* nasa.sh */ = {isa = PBXFileReference; fileEncoding = 4; lastKnownFileType = text.script.sh; path = nasa.sh; sourceTree = "<group>"; };
		B34796DD296EE7E600600037 /* 403-api-key-missing.json */ = {isa = PBXFileReference; fileEncoding = 4; lastKnownFileType = text.json; path = "403-api-key-missing.json"; sourceTree = "<group>"; };
		B34796DE296EE7E600600037 /* 403-api-key-invalid.json */ = {isa = PBXFileReference; fileEncoding = 4; lastKnownFileType = text.json; path = "403-api-key-invalid.json"; sourceTree = "<group>"; };
		B34796DF296EE7E600600037 /* 200-empty-explanation.json */ = {isa = PBXFileReference; fileEncoding = 4; lastKnownFileType = text.json; path = "200-empty-explanation.json"; sourceTree = "<group>"; };
		B34796E0296EE7E600600037 /* 200-no-urls.json */ = {isa = PBXFileReference; fileEncoding = 4; lastKnownFileType = text.json; path = "200-no-urls.json"; sourceTree = "<group>"; };
		B34796E1296EE7E600600037 /* get-pod.json */ = {isa = PBXFileReference; fileEncoding = 4; lastKnownFileType = text.json; path = "get-pod.json"; sourceTree = "<group>"; };
		B34796E2296EE7E600600037 /* get-video.json */ = {isa = PBXFileReference; fileEncoding = 4; lastKnownFileType = text.json; path = "get-video.json"; sourceTree = "<group>"; };
		B34796E3296EE7E600600037 /* 400-bad-request-1.json */ = {isa = PBXFileReference; fileEncoding = 4; lastKnownFileType = text.json; path = "400-bad-request-1.json"; sourceTree = "<group>"; };
		B38A020E296FD3C100D378CA /* File+Extensions.swift */ = {isa = PBXFileReference; lastKnownFileType = sourcecode.swift; path = "File+Extensions.swift"; sourceTree = "<group>"; };
		B38A0210296FD59200D378CA /* Data+Extensions.swift */ = {isa = PBXFileReference; lastKnownFileType = sourcecode.swift; path = "Data+Extensions.swift"; sourceTree = "<group>"; };
		B38A0216296FD97800D378CA /* NasaPicsTests.xctest */ = {isa = PBXFileReference; explicitFileType = wrapper.cfbundle; includeInIndex = 0; path = NasaPicsTests.xctest; sourceTree = BUILT_PRODUCTS_DIR; };
		B38A0218296FD97800D378CA /* NasaPicsTests.swift */ = {isa = PBXFileReference; lastKnownFileType = sourcecode.swift; path = NasaPicsTests.swift; sourceTree = "<group>"; };
		B38A021F296FDC5C00D378CA /* README.md */ = {isa = PBXFileReference; lastKnownFileType = net.daringfireball.markdown; path = README.md; sourceTree = "<group>"; };
/* End PBXFileReference section */

/* Begin PBXFrameworksBuildPhase section */
		B34796A6296E9C0900600037 /* Frameworks */ = {
			isa = PBXFrameworksBuildPhase;
			buildActionMask = 2147483647;
			files = (
			);
			runOnlyForDeploymentPostprocessing = 0;
		};
		B38A0213296FD97800D378CA /* Frameworks */ = {
			isa = PBXFrameworksBuildPhase;
			buildActionMask = 2147483647;
			files = (
			);
			runOnlyForDeploymentPostprocessing = 0;
		};
/* End PBXFrameworksBuildPhase section */

/* Begin PBXGroup section */
		B34796A0296E9C0900600037 = {
			isa = PBXGroup;
			children = (
				B38A021F296FDC5C00D378CA /* README.md */,
				B34796AB296E9C0900600037 /* NasaPics */,
				B38A0217296FD97800D378CA /* NasaPicsTests */,
				B34796AA296E9C0900600037 /* Products */,
			);
			sourceTree = "<group>";
		};
		B34796AA296E9C0900600037 /* Products */ = {
			isa = PBXGroup;
			children = (
				B34796A9296E9C0900600037 /* NasaPics.app */,
				B38A0216296FD97800D378CA /* NasaPicsTests.xctest */,
			);
			name = Products;
			sourceTree = "<group>";
		};
		B34796AB296E9C0900600037 /* NasaPics */ = {
			isa = PBXGroup;
			children = (
				B38A020D296FD38E00D378CA /* Extensions */,
				B34796BE296EDC8500600037 /* Payloads */,
				B34796AC296E9C0900600037 /* NasaPicsApp.swift */,
				B34796AE296E9C0900600037 /* ContentView.swift */,
				B34796BA296EA33900600037 /* PodModel.swift */,
				B34796B0296E9C0A00600037 /* Assets.xcassets */,
				B34796B2296E9C0A00600037 /* Preview Content */,
				B34796BC296EA4E900600037 /* Network.swift */,
			);
			path = NasaPics;
			sourceTree = "<group>";
		};
		B34796B2296E9C0A00600037 /* Preview Content */ = {
			isa = PBXGroup;
			children = (
				B34796B3296E9C0A00600037 /* Preview Assets.xcassets */,
			);
			path = "Preview Content";
			sourceTree = "<group>";
		};
		B34796BE296EDC8500600037 /* Payloads */ = {
			isa = PBXGroup;
			children = (
				B34796DF296EE7E600600037 /* 200-empty-explanation.json */,
				B34796D7296EE7E600600037 /* 200-no-copyright.json */,
				B34796E0296EE7E600600037 /* 200-no-urls.json */,
				B34796E3296EE7E600600037 /* 400-bad-request-1.json */,
				B34796D8296EE7E600600037 /* 400-bad-request-2.json */,
				B34796DE296EE7E600600037 /* 403-api-key-invalid.json */,
				B34796DD296EE7E600600037 /* 403-api-key-missing.json */,
				B34796DA296EE7E600600037 /* 404-no-data.json */,
				B34796E1296EE7E600600037 /* get-pod.json */,
				B34796DB296EE7E600600037 /* get-pods.json */,
				B34796D9296EE7E600600037 /* get-random-pods.json */,
				B34796E2296EE7E600600037 /* get-video.json */,
				B34796DC296EE7E600600037 /* nasa.sh */,
			);
			path = Payloads;
			sourceTree = "<group>";
		};
		B38A020D296FD38E00D378CA /* Extensions */ = {
			isa = PBXGroup;
			children = (
				B38A020E296FD3C100D378CA /* File+Extensions.swift */,
				B38A0210296FD59200D378CA /* Data+Extensions.swift */,
			);
			path = Extensions;
			sourceTree = "<group>";
		};
		B38A0217296FD97800D378CA /* NasaPicsTests */ = {
			isa = PBXGroup;
			children = (
				B38A0218296FD97800D378CA /* NasaPicsTests.swift */,
			);
			path = NasaPicsTests;
			sourceTree = "<group>";
		};
/* End PBXGroup section */

/* Begin PBXNativeTarget section */
		B34796A8296E9C0900600037 /* NasaPics */ = {
			isa = PBXNativeTarget;
			buildConfigurationList = B34796B7296E9C0A00600037 /* Build configuration list for PBXNativeTarget "NasaPics" */;
			buildPhases = (
				B34796A5296E9C0900600037 /* Sources */,
				B34796A6296E9C0900600037 /* Frameworks */,
				B34796A7296E9C0900600037 /* Resources */,
			);
			buildRules = (
			);
			dependencies = (
			);
			name = NasaPics;
			productName = NasaPics;
			productReference = B34796A9296E9C0900600037 /* NasaPics.app */;
			productType = "com.apple.product-type.application";
		};
		B38A0215296FD97800D378CA /* NasaPicsTests */ = {
			isa = PBXNativeTarget;
			buildConfigurationList = B38A021C296FD97800D378CA /* Build configuration list for PBXNativeTarget "NasaPicsTests" */;
			buildPhases = (
				B38A0212296FD97800D378CA /* Sources */,
				B38A0213296FD97800D378CA /* Frameworks */,
				B38A0214296FD97800D378CA /* Resources */,
			);
			buildRules = (
			);
			dependencies = (
				B38A021B296FD97800D378CA /* PBXTargetDependency */,
			);
			name = NasaPicsTests;
			productName = NasaPicsTests;
			productReference = B38A0216296FD97800D378CA /* NasaPicsTests.xctest */;
			productType = "com.apple.product-type.bundle.unit-test";
		};
/* End PBXNativeTarget section */

/* Begin PBXProject section */
		B34796A1296E9C0900600037 /* Project object */ = {
			isa = PBXProject;
			attributes = {
				BuildIndependentTargetsInParallel = 1;
				LastSwiftUpdateCheck = 1420;
				LastUpgradeCheck = 1420;
				TargetAttributes = {
					B34796A8296E9C0900600037 = {
						CreatedOnToolsVersion = 14.2;
					};
					B38A0215296FD97800D378CA = {
						CreatedOnToolsVersion = 14.2;
						TestTargetID = B34796A8296E9C0900600037;
					};
				};
			};
			buildConfigurationList = B34796A4296E9C0900600037 /* Build configuration list for PBXProject "NasaPics" */;
			compatibilityVersion = "Xcode 14.0";
			developmentRegion = en;
			hasScannedForEncodings = 0;
			knownRegions = (
				en,
				Base,
			);
			mainGroup = B34796A0296E9C0900600037;
			productRefGroup = B34796AA296E9C0900600037 /* Products */;
			projectDirPath = "";
			projectRoot = "";
			targets = (
				B34796A8296E9C0900600037 /* NasaPics */,
				B38A0215296FD97800D378CA /* NasaPicsTests */,
			);
		};
/* End PBXProject section */

/* Begin PBXResourcesBuildPhase section */
		B34796A7296E9C0900600037 /* Resources */ = {
			isa = PBXResourcesBuildPhase;
			buildActionMask = 2147483647;
			files = (
				B34796E4296EE7E600600037 /* 200-no-copyright.json in Resources */,
				B34796B4296E9C0A00600037 /* Preview Assets.xcassets in Resources */,
				B34796E6296EE7E600600037 /* get-random-pods.json in Resources */,
				B34796ED296EE7E600600037 /* 200-no-urls.json in Resources */,
				B34796E9296EE7E600600037 /* nasa.sh in Resources */,
				B34796EE296EE7E600600037 /* get-pod.json in Resources */,
				B34796EF296EE7E600600037 /* get-video.json in Resources */,
				B34796EB296EE7E600600037 /* 403-api-key-invalid.json in Resources */,
				B34796B1296E9C0A00600037 /* Assets.xcassets in Resources */,
				B34796E5296EE7E600600037 /* 400-bad-request-2.json in Resources */,
				B34796E8296EE7E600600037 /* get-pods.json in Resources */,
				B34796F0296EE7E600600037 /* 400-bad-request-1.json in Resources */,
				B34796EA296EE7E600600037 /* 403-api-key-missing.json in Resources */,
				B34796E7296EE7E600600037 /* 404-no-data.json in Resources */,
				B34796EC296EE7E600600037 /* 200-empty-explanation.json in Resources */,
			);
			runOnlyForDeploymentPostprocessing = 0;
		};
		B38A0214296FD97800D378CA /* Resources */ = {
			isa = PBXResourcesBuildPhase;
			buildActionMask = 2147483647;
			files = (
			);
			runOnlyForDeploymentPostprocessing = 0;
		};
/* End PBXResourcesBuildPhase section */

/* Begin PBXSourcesBuildPhase section */
		B34796A5296E9C0900600037 /* Sources */ = {
			isa = PBXSourcesBuildPhase;
			buildActionMask = 2147483647;
			files = (
				B34796AF296E9C0900600037 /* ContentView.swift in Sources */,
				B34796AD296E9C0900600037 /* NasaPicsApp.swift in Sources */,
				B34796BD296EA4E900600037 /* Network.swift in Sources */,
				B38A0211296FD59200D378CA /* Data+Extensions.swift in Sources */,
				B34796BB296EA33900600037 /* PodModel.swift in Sources */,
				B38A020F296FD3C100D378CA /* File+Extensions.swift in Sources */,
			);
			runOnlyForDeploymentPostprocessing = 0;
		};
		B38A0212296FD97800D378CA /* Sources */ = {
			isa = PBXSourcesBuildPhase;
			buildActionMask = 2147483647;
			files = (
				B38A0219296FD97800D378CA /* NasaPicsTests.swift in Sources */,
			);
			runOnlyForDeploymentPostprocessing = 0;
		};
/* End PBXSourcesBuildPhase section */

/* Begin PBXTargetDependency section */
		B38A021B296FD97800D378CA /* PBXTargetDependency */ = {
			isa = PBXTargetDependency;
			target = B34796A8296E9C0900600037 /* NasaPics */;
			targetProxy = B38A021A296FD97800D378CA /* PBXContainerItemProxy */;
		};
/* End PBXTargetDependency section */

/* Begin XCBuildConfiguration section */
		B34796B5296E9C0A00600037 /* Debug */ = {
			isa = XCBuildConfiguration;
			buildSettings = {
				ALWAYS_SEARCH_USER_PATHS = NO;
				CLANG_ANALYZER_NONNULL = YES;
				CLANG_ANALYZER_NUMBER_OBJECT_CONVERSION = YES_AGGRESSIVE;
				CLANG_CXX_LANGUAGE_STANDARD = "gnu++20";
				CLANG_ENABLE_MODULES = YES;
				CLANG_ENABLE_OBJC_ARC = YES;
				CLANG_ENABLE_OBJC_WEAK = YES;
				CLANG_WARN_BLOCK_CAPTURE_AUTORELEASING = YES;
				CLANG_WARN_BOOL_CONVERSION = YES;
				CLANG_WARN_COMMA = YES;
				CLANG_WARN_CONSTANT_CONVERSION = YES;
				CLANG_WARN_DEPRECATED_OBJC_IMPLEMENTATIONS = YES;
				CLANG_WARN_DIRECT_OBJC_ISA_USAGE = YES_ERROR;
				CLANG_WARN_DOCUMENTATION_COMMENTS = YES;
				CLANG_WARN_EMPTY_BODY = YES;
				CLANG_WARN_ENUM_CONVERSION = YES;
				CLANG_WARN_INFINITE_RECURSION = YES;
				CLANG_WARN_INT_CONVERSION = YES;
				CLANG_WARN_NON_LITERAL_NULL_CONVERSION = YES;
				CLANG_WARN_OBJC_IMPLICIT_RETAIN_SELF = YES;
				CLANG_WARN_OBJC_LITERAL_CONVERSION = YES;
				CLANG_WARN_OBJC_ROOT_CLASS = YES_ERROR;
				CLANG_WARN_QUOTED_INCLUDE_IN_FRAMEWORK_HEADER = YES;
				CLANG_WARN_RANGE_LOOP_ANALYSIS = YES;
				CLANG_WARN_STRICT_PROTOTYPES = YES;
				CLANG_WARN_SUSPICIOUS_MOVE = YES;
				CLANG_WARN_UNGUARDED_AVAILABILITY = YES_AGGRESSIVE;
				CLANG_WARN_UNREACHABLE_CODE = YES;
				CLANG_WARN__DUPLICATE_METHOD_MATCH = YES;
				COPY_PHASE_STRIP = NO;
				DEBUG_INFORMATION_FORMAT = dwarf;
				ENABLE_STRICT_OBJC_MSGSEND = YES;
				ENABLE_TESTABILITY = YES;
				GCC_C_LANGUAGE_STANDARD = gnu11;
				GCC_DYNAMIC_NO_PIC = NO;
				GCC_NO_COMMON_BLOCKS = YES;
				GCC_OPTIMIZATION_LEVEL = 0;
				GCC_PREPROCESSOR_DEFINITIONS = (
					"DEBUG=1",
					"$(inherited)",
				);
				GCC_WARN_64_TO_32_BIT_CONVERSION = YES;
				GCC_WARN_ABOUT_RETURN_TYPE = YES_ERROR;
				GCC_WARN_UNDECLARED_SELECTOR = YES;
				GCC_WARN_UNINITIALIZED_AUTOS = YES_AGGRESSIVE;
				GCC_WARN_UNUSED_FUNCTION = YES;
				GCC_WARN_UNUSED_VARIABLE = YES;
				IPHONEOS_DEPLOYMENT_TARGET = 16.2;
				MTL_ENABLE_DEBUG_INFO = INCLUDE_SOURCE;
				MTL_FAST_MATH = YES;
				ONLY_ACTIVE_ARCH = YES;
				SDKROOT = iphoneos;
				SWIFT_ACTIVE_COMPILATION_CONDITIONS = DEBUG;
				SWIFT_OPTIMIZATION_LEVEL = "-Onone";
			};
			name = Debug;
		};
		B34796B6296E9C0A00600037 /* Release */ = {
			isa = XCBuildConfiguration;
			buildSettings = {
				ALWAYS_SEARCH_USER_PATHS = NO;
				CLANG_ANALYZER_NONNULL = YES;
				CLANG_ANALYZER_NUMBER_OBJECT_CONVERSION = YES_AGGRESSIVE;
				CLANG_CXX_LANGUAGE_STANDARD = "gnu++20";
				CLANG_ENABLE_MODULES = YES;
				CLANG_ENABLE_OBJC_ARC = YES;
				CLANG_ENABLE_OBJC_WEAK = YES;
				CLANG_WARN_BLOCK_CAPTURE_AUTORELEASING = YES;
				CLANG_WARN_BOOL_CONVERSION = YES;
				CLANG_WARN_COMMA = YES;
				CLANG_WARN_CONSTANT_CONVERSION = YES;
				CLANG_WARN_DEPRECATED_OBJC_IMPLEMENTATIONS = YES;
				CLANG_WARN_DIRECT_OBJC_ISA_USAGE = YES_ERROR;
				CLANG_WARN_DOCUMENTATION_COMMENTS = YES;
				CLANG_WARN_EMPTY_BODY = YES;
				CLANG_WARN_ENUM_CONVERSION = YES;
				CLANG_WARN_INFINITE_RECURSION = YES;
				CLANG_WARN_INT_CONVERSION = YES;
				CLANG_WARN_NON_LITERAL_NULL_CONVERSION = YES;
				CLANG_WARN_OBJC_IMPLICIT_RETAIN_SELF = YES;
				CLANG_WARN_OBJC_LITERAL_CONVERSION = YES;
				CLANG_WARN_OBJC_ROOT_CLASS = YES_ERROR;
				CLANG_WARN_QUOTED_INCLUDE_IN_FRAMEWORK_HEADER = YES;
				CLANG_WARN_RANGE_LOOP_ANALYSIS = YES;
				CLANG_WARN_STRICT_PROTOTYPES = YES;
				CLANG_WARN_SUSPICIOUS_MOVE = YES;
				CLANG_WARN_UNGUARDED_AVAILABILITY = YES_AGGRESSIVE;
				CLANG_WARN_UNREACHABLE_CODE = YES;
				CLANG_WARN__DUPLICATE_METHOD_MATCH = YES;
				COPY_PHASE_STRIP = NO;
				DEBUG_INFORMATION_FORMAT = "dwarf-with-dsym";
				ENABLE_NS_ASSERTIONS = NO;
				ENABLE_STRICT_OBJC_MSGSEND = YES;
				GCC_C_LANGUAGE_STANDARD = gnu11;
				GCC_NO_COMMON_BLOCKS = YES;
				GCC_WARN_64_TO_32_BIT_CONVERSION = YES;
				GCC_WARN_ABOUT_RETURN_TYPE = YES_ERROR;
				GCC_WARN_UNDECLARED_SELECTOR = YES;
				GCC_WARN_UNINITIALIZED_AUTOS = YES_AGGRESSIVE;
				GCC_WARN_UNUSED_FUNCTION = YES;
				GCC_WARN_UNUSED_VARIABLE = YES;
				IPHONEOS_DEPLOYMENT_TARGET = 16.2;
				MTL_ENABLE_DEBUG_INFO = NO;
				MTL_FAST_MATH = YES;
				SDKROOT = iphoneos;
				SWIFT_COMPILATION_MODE = wholemodule;
				SWIFT_OPTIMIZATION_LEVEL = "-O";
				VALIDATE_PRODUCT = YES;
			};
			name = Release;
		};
		B34796B8296E9C0A00600037 /* Debug */ = {
			isa = XCBuildConfiguration;
			buildSettings = {
				ASSETCATALOG_COMPILER_APPICON_NAME = AppIcon;
				ASSETCATALOG_COMPILER_GLOBAL_ACCENT_COLOR_NAME = AccentColor;
				CODE_SIGN_STYLE = Automatic;
				CURRENT_PROJECT_VERSION = 1;
				DEVELOPMENT_ASSET_PATHS = "\"NasaPics/Preview Content\"";
				DEVELOPMENT_TEAM = YQXH98LH6S;
				ENABLE_PREVIEWS = YES;
				GENERATE_INFOPLIST_FILE = YES;
				INFOPLIST_KEY_UIApplicationSceneManifest_Generation = YES;
				INFOPLIST_KEY_UIApplicationSupportsIndirectInputEvents = YES;
				INFOPLIST_KEY_UILaunchScreen_Generation = YES;
				INFOPLIST_KEY_UISupportedInterfaceOrientations_iPad = "UIInterfaceOrientationPortrait UIInterfaceOrientationPortraitUpsideDown UIInterfaceOrientationLandscapeLeft UIInterfaceOrientationLandscapeRight";
				INFOPLIST_KEY_UISupportedInterfaceOrientations_iPhone = "UIInterfaceOrientationPortrait UIInterfaceOrientationLandscapeLeft UIInterfaceOrientationLandscapeRight";
				LD_RUNPATH_SEARCH_PATHS = (
					"$(inherited)",
					"@executable_path/Frameworks",
				);
				MARKETING_VERSION = 1.0;
				PRODUCT_BUNDLE_IDENTIFIER = "com.example-SieG.NasaPics";
				PRODUCT_NAME = "$(TARGET_NAME)";
				SWIFT_EMIT_LOC_STRINGS = YES;
				SWIFT_VERSION = 5.0;
				TARGETED_DEVICE_FAMILY = "1,2";
			};
			name = Debug;
		};
		B34796B9296E9C0A00600037 /* Release */ = {
			isa = XCBuildConfiguration;
			buildSettings = {
				ASSETCATALOG_COMPILER_APPICON_NAME = AppIcon;
				ASSETCATALOG_COMPILER_GLOBAL_ACCENT_COLOR_NAME = AccentColor;
				CODE_SIGN_STYLE = Automatic;
				CURRENT_PROJECT_VERSION = 1;
				DEVELOPMENT_ASSET_PATHS = "\"NasaPics/Preview Content\"";
				DEVELOPMENT_TEAM = YQXH98LH6S;
				ENABLE_PREVIEWS = YES;
				GENERATE_INFOPLIST_FILE = YES;
				INFOPLIST_KEY_UIApplicationSceneManifest_Generation = YES;
				INFOPLIST_KEY_UIApplicationSupportsIndirectInputEvents = YES;
				INFOPLIST_KEY_UILaunchScreen_Generation = YES;
				INFOPLIST_KEY_UISupportedInterfaceOrientations_iPad = "UIInterfaceOrientationPortrait UIInterfaceOrientationPortraitUpsideDown UIInterfaceOrientationLandscapeLeft UIInterfaceOrientationLandscapeRight";
				INFOPLIST_KEY_UISupportedInterfaceOrientations_iPhone = "UIInterfaceOrientationPortrait UIInterfaceOrientationLandscapeLeft UIInterfaceOrientationLandscapeRight";
				LD_RUNPATH_SEARCH_PATHS = (
					"$(inherited)",
					"@executable_path/Frameworks",
				);
				MARKETING_VERSION = 1.0;
				PRODUCT_BUNDLE_IDENTIFIER = "com.example-SieG.NasaPics";
				PRODUCT_NAME = "$(TARGET_NAME)";
				SWIFT_EMIT_LOC_STRINGS = YES;
				SWIFT_VERSION = 5.0;
				TARGETED_DEVICE_FAMILY = "1,2";
			};
			name = Release;
		};
		B38A021D296FD97800D378CA /* Debug */ = {
			isa = XCBuildConfiguration;
			buildSettings = {
				BUNDLE_LOADER = "$(TEST_HOST)";
				CODE_SIGN_STYLE = Automatic;
				CURRENT_PROJECT_VERSION = 1;
				DEVELOPMENT_TEAM = YQXH98LH6S;
				GENERATE_INFOPLIST_FILE = YES;
				MARKETING_VERSION = 1.0;
				PRODUCT_BUNDLE_IDENTIFIER = "com.example-SieG.NasaPicsTests";
				PRODUCT_NAME = "$(TARGET_NAME)";
				SWIFT_EMIT_LOC_STRINGS = NO;
				SWIFT_VERSION = 5.0;
				TARGETED_DEVICE_FAMILY = "1,2";
				TEST_HOST = "$(BUILT_PRODUCTS_DIR)/NasaPics.app/$(BUNDLE_EXECUTABLE_FOLDER_PATH)/NasaPics";
			};
			name = Debug;
		};
		B38A021E296FD97800D378CA /* Release */ = {
			isa = XCBuildConfiguration;
			buildSettings = {
				BUNDLE_LOADER = "$(TEST_HOST)";
				CODE_SIGN_STYLE = Automatic;
				CURRENT_PROJECT_VERSION = 1;
				DEVELOPMENT_TEAM = YQXH98LH6S;
				GENERATE_INFOPLIST_FILE = YES;
				MARKETING_VERSION = 1.0;
				PRODUCT_BUNDLE_IDENTIFIER = "com.example-SieG.NasaPicsTests";
				PRODUCT_NAME = "$(TARGET_NAME)";
				SWIFT_EMIT_LOC_STRINGS = NO;
				SWIFT_VERSION = 5.0;
				TARGETED_DEVICE_FAMILY = "1,2";
				TEST_HOST = "$(BUILT_PRODUCTS_DIR)/NasaPics.app/$(BUNDLE_EXECUTABLE_FOLDER_PATH)/NasaPics";
			};
			name = Release;
		};
/* End XCBuildConfiguration section */

/* Begin XCConfigurationList section */
		B34796A4296E9C0900600037 /* Build configuration list for PBXProject "NasaPics" */ = {
			isa = XCConfigurationList;
			buildConfigurations = (
				B34796B5296E9C0A00600037 /* Debug */,
				B34796B6296E9C0A00600037 /* Release */,
			);
			defaultConfigurationIsVisible = 0;
			defaultConfigurationName = Release;
		};
		B34796B7296E9C0A00600037 /* Build configuration list for PBXNativeTarget "NasaPics" */ = {
			isa = XCConfigurationList;
			buildConfigurations = (
				B34796B8296E9C0A00600037 /* Debug */,
				B34796B9296E9C0A00600037 /* Release */,
			);
			defaultConfigurationIsVisible = 0;
			defaultConfigurationName = Release;
		};
		B38A021C296FD97800D378CA /* Build configuration list for PBXNativeTarget "NasaPicsTests" */ = {
			isa = XCConfigurationList;
			buildConfigurations = (
				B38A021D296FD97800D378CA /* Debug */,
				B38A021E296FD97800D378CA /* Release */,
			);
			defaultConfigurationIsVisible = 0;
			defaultConfigurationName = Release;
		};
/* End XCConfigurationList section */
	};
	rootObject = B34796A1296E9C0900600037 /* Project object */;
}
